// !$*UTF8*$!
{
  archiveVersion = 1;
  classes = {};
  objectVersion = 56;
  objects = {
    200000000000000000000001 = {
      isa = PBXProject;
      attributes = { LastUpgradeCheck = 1500; };
      buildConfigurationList = 200000000000000000000002;
      compatibilityVersion = "Xcode 14.0";
      developmentRegion = en;
      hasScannedForEncodings = 0;
      mainGroup = 200000000000000000000003;
      projectDirPath = "";
      projectRoot = "";
      targets = (200000000000000000000004);
    };
    200000000000000000000002 = {
      isa = XCConfigurationList;
      buildConfigurations = (200000000000000000000005, 200000000000000000000006);
      defaultConfigurationIsVisible = 0;
      defaultConfigurationName = Debug;
    };
    200000000000000000000003 = { isa = PBXGroup; children = (); sourceTree = "<group>"; };
    200000000000000000000004 = {
      isa = PBXLegacyTarget;
      buildArgumentsString = "moui/scripts/mobile/build-ios-app-core.sh --app component_gallery";
      buildConfigurationList = 200000000000000000000007;
      buildPhases = ();
      buildToolPath = /bin/bash;
      buildWorkingDirectory = ../../..;
      dependencies = ();
      name = ComponentGallery;
      passBuildSettingsInEnvironment = 1;
      productName = ComponentGallery;
    };
    200000000000000000000005 = { isa = XCBuildConfiguration; buildSettings = {}; name = Debug; };
    200000000000000000000006 = { isa = XCBuildConfiguration; buildSettings = {}; name = Release; };
    200000000000000000000007 = {
      isa = XCConfigurationList;
      buildConfigurations = (200000000000000000000008, 200000000000000000000009);
      defaultConfigurationIsVisible = 0;
      defaultConfigurationName = Debug;
    };
    200000000000000000000008 = {
      isa = XCBuildConfiguration;
      buildSettings = {
        IPHONEOS_DEPLOYMENT_TARGET = 15.0;
        PRODUCT_NAME = ComponentGallery;
        SDKROOT = iphonesimulator;
      };
      name = Debug;
    };
    200000000000000000000009 = {
      isa = XCBuildConfiguration;
      buildSettings = {
        IPHONEOS_DEPLOYMENT_TARGET = 15.0;
        PRODUCT_NAME = ComponentGallery;
        SDKROOT = iphonesimulator;
      };
      name = Release;
    };
  };
  rootObject = 200000000000000000000001;
}
