<?xml version="1.0" encoding="UTF-8"?>
<Scheme LastUpgradeVersion="1500" version="1.7">
  <BuildAction parallelizeBuildables="NO" buildImplicitDependencies="YES">
    <BuildActionEntries>
      <BuildActionEntry buildForTesting="YES" buildForRunning="YES" buildForProfiling="YES" buildForArchiving="YES" buildForAnalyzing="YES">
        <BuildableReference BuildableIdentifier="primary" BlueprintIdentifier="100000000000000000000004" BuildableName="MoUICounter" BlueprintName="MoUICounter" ReferencedContainer="container:MoUICounter.xcodeproj" />
      </BuildActionEntry>
    </BuildActionEntries>
  </BuildAction>
</Scheme>
