<?xml version="1.0" encoding="UTF-8"?>
<Scheme LastUpgradeVersion="1540" version="1.7">
  <BuildAction parallelizeBuildables="NO" buildImplicitDependencies="YES">
    <BuildActionEntries>
      <BuildActionEntry buildForTesting="YES" buildForRunning="YES" buildForProfiling="YES" buildForArchiving="YES" buildForAnalyzing="YES">
        <BuildableReference BuildableIdentifier="primary" BlueprintIdentifier="300000000000000000000004" BuildableName="MoUIMobileApp.app" BlueprintName="MoUIMobileApp" ReferencedContainer="container:MoUIMobileApp.xcodeproj" />
      </BuildActionEntry>
    </BuildActionEntries>
  </BuildAction>
</Scheme>
